Microsoft Visual Studio Solution File, Format Version 12.00
# Visual Studio Version 17
VisualStudioVersion = 17.5.2.0
MinimumVisualStudioVersion = 10.0.40219.1
Project("{FAE04EC0-301F-11D3-BF4B-00C04F79EFBC}") = "SuqyaWaterSystem", "SuqyaWaterSystem.csproj", "{BB1BFA99-7309-EE18-980D-9C0283030F95}"
EndProject
Global
	GlobalSection(SolutionConfigurationPlatforms) = preSolution
		Debug|Any CPU = Debug|Any CPU
		Release|Any CPU = Release|Any CPU
	EndGlobalSection
	GlobalSection(ProjectConfigurationPlatforms) = postSolution
		{BB1BFA99-7309-EE18-980D-9C0283030F95}.Debug|Any CPU.ActiveCfg = Debug|Any CPU
		{BB1BFA99-7309-EE18-980D-9C0283030F95}.Debug|Any CPU.Build.0 = Debug|Any CPU
		{BB1BFA99-7309-EE18-980D-9C0283030F95}.Release|Any CPU.ActiveCfg = Release|Any CPU
		{BB1BFA99-7309-EE18-980D-9C0283030F95}.Release|Any CPU.Build.0 = Release|Any CPU
	EndGlobalSection
	GlobalSection(SolutionProperties) = preSolution
		HideSolutionNode = FALSE
	EndGlobalSection
	GlobalSection(ExtensibilityGlobals) = postSolution
		SolutionGuid = {05C90956-4E85-4AD3-A1A1-EBF27FAF3CBB}
	EndGlobalSection
EndGlobal
